// !$*UTF8*$!
{
	archiveVersion = 1;
	classes = {
	};
	objectVersion = 46;
	objects = {

/* Begin PBXBuildFile section */
		307FD4151D4786D100701125 /* main.cpp in Sources */ = {isa = PBXBuildFile; fileRef = 307FD4141D4786D100701125 /* main.cpp */; };
		307FD41E1D47876600701125 /* libGraphMol.2016.03.3.dylib in Frameworks */ = {isa = PBXBuildFile; fileRef = 307FD41D1D47876600701125 /* libGraphMol.2016.03.3.dylib */; settings = {ATTRIBUTES = (Required, ); }; };
		307FD4471D47888B00701125 /* libAlignment.2016.03.3.dylib in Frameworks */ = {isa = PBXBuildFile; fileRef = 307FD4211D47888A00701125 /* libAlignment.2016.03.3.dylib */; };
		307FD4481D47888B00701125 /* libCatalogs.2016.03.3.dylib in Frameworks */ = {isa = PBXBuildFile; fileRef = 307FD4221D47888A00701125 /* libCatalogs.2016.03.3.dylib */; };
		307FD4491D47888B00701125 /* libChemicalFeatures.2016.03.3.dylib in Frameworks */ = {isa = PBXBuildFile; fileRef = 307FD4231D47888A00701125 /* libChemicalFeatures.2016.03.3.dylib */; };
		307FD44A1D47888B00701125 /* libChemReactions.2016.03.3.dylib in Frameworks */ = {isa = PBXBuildFile; fileRef = 307FD4241D47888A00701125 /* libChemReactions.2016.03.3.dylib */; };
		307FD44B1D47888B00701125 /* libChemTransforms.2016.03.3.dylib in Frameworks */ = {isa = PBXBuildFile; fileRef = 307FD4251D47888A00701125 /* libChemTransforms.2016.03.3.dylib */; };
		307FD44C1D47888B00701125 /* libDataStructs.2016.03.3.dylib in Frameworks */ = {isa = PBXBuildFile; fileRef = 307FD4261D47888A00701125 /* libDataStructs.2016.03.3.dylib */; };
		307FD44D1D47888B00701125 /* libDepictor.2016.03.3.dylib in Frameworks */ = {isa = PBXBuildFile; fileRef = 307FD4271D47888A00701125 /* libDepictor.2016.03.3.dylib */; };
		307FD44E1D47888B00701125 /* libDescriptors.2016.03.3.dylib in Frameworks */ = {isa = PBXBuildFile; fileRef = 307FD4281D47888A00701125 /* libDescriptors.2016.03.3.dylib */; };
		307FD44F1D47888B00701125 /* libDistGeometry.2016.03.3.dylib in Frameworks */ = {isa = PBXBuildFile; fileRef = 307FD4291D47888A00701125 /* libDistGeometry.2016.03.3.dylib */; };
		307FD4501D47888B00701125 /* libDistGeomHelpers.2016.03.3.dylib in Frameworks */ = {isa = PBXBuildFile; fileRef = 307FD42A1D47888A00701125 /* libDistGeomHelpers.2016.03.3.dylib */; };
		307FD4511D47888B00701125 /* libEigenSolvers.2016.03.3.dylib in Frameworks */ = {isa = PBXBuildFile; fileRef = 307FD42B1D47888A00701125 /* libEigenSolvers.2016.03.3.dylib */; };
		307FD4521D47888B00701125 /* libFileParsers.2016.03.3.dylib in Frameworks */ = {isa = PBXBuildFile; fileRef = 307FD42C1D47888A00701125 /* libFileParsers.2016.03.3.dylib */; };
		307FD4531D47888B00701125 /* libFilterCatalog.2016.03.3.dylib in Frameworks */ = {isa = PBXBuildFile; fileRef = 307FD42D1D47888A00701125 /* libFilterCatalog.2016.03.3.dylib */; };
		307FD4541D47888B00701125 /* libFingerprints.2016.03.3.dylib in Frameworks */ = {isa = PBXBuildFile; fileRef = 307FD42E1D47888A00701125 /* libFingerprints.2016.03.3.dylib */; };
		307FD4551D47888B00701125 /* libFMCS.2016.03.3.dylib in Frameworks */ = {isa = PBXBuildFile; fileRef = 307FD42F1D47888A00701125 /* libFMCS.2016.03.3.dylib */; };
		307FD4561D47888B00701125 /* libForceField.2016.03.3.dylib in Frameworks */ = {isa = PBXBuildFile; fileRef = 307FD4301D47888A00701125 /* libForceField.2016.03.3.dylib */; };
		307FD4571D47888B00701125 /* libForceFieldHelpers.2016.03.3.dylib in Frameworks */ = {isa = PBXBuildFile; fileRef = 307FD4311D47888A00701125 /* libForceFieldHelpers.2016.03.3.dylib */; };
		307FD4581D47888B00701125 /* libFragCatalog.2016.03.3.dylib in Frameworks */ = {isa = PBXBuildFile; fileRef = 307FD4321D47888A00701125 /* libFragCatalog.2016.03.3.dylib */; };
		307FD4591D47888B00701125 /* libhc.2016.03.3.dylib in Frameworks */ = {isa = PBXBuildFile; fileRef = 307FD4331D47888A00701125 /* libhc.2016.03.3.dylib */; };
		307FD45A1D47888B00701125 /* libInfoTheory.2016.03.3.dylib in Frameworks */ = {isa = PBXBuildFile; fileRef = 307FD4341D47888A00701125 /* libInfoTheory.2016.03.3.dylib */; };
		307FD45B1D47888B00701125 /* libMMPA.2016.03.3.dylib in Frameworks */ = {isa = PBXBuildFile; fileRef = 307FD4351D47888A00701125 /* libMMPA.2016.03.3.dylib */; };
		307FD45C1D47888B00701125 /* libMolAlign.2016.03.3.dylib in Frameworks */ = {isa = PBXBuildFile; fileRef = 307FD4361D47888A00701125 /* libMolAlign.2016.03.3.dylib */; };
		307FD45D1D47888B00701125 /* libMolCatalog.2016.03.3.dylib in Frameworks */ = {isa = PBXBuildFile; fileRef = 307FD4371D47888A00701125 /* libMolCatalog.2016.03.3.dylib */; };
		307FD45E1D47888B00701125 /* libMolChemicalFeatures.2016.03.3.dylib in Frameworks */ = {isa = PBXBuildFile; fileRef = 307FD4381D47888A00701125 /* libMolChemicalFeatures.2016.03.3.dylib */; };
		307FD45F1D47888B00701125 /* libMolDraw2D.2016.03.3.dylib in Frameworks */ = {isa = PBXBuildFile; fileRef = 307FD4391D47888A00701125 /* libMolDraw2D.2016.03.3.dylib */; };
		307FD4601D47888B00701125 /* libMolHash.2016.03.3.dylib in Frameworks */ = {isa = PBXBuildFile; fileRef = 307FD43A1D47888A00701125 /* libMolHash.2016.03.3.dylib */; };
		307FD4611D47888B00701125 /* libMolTransforms.2016.03.3.dylib in Frameworks */ = {isa = PBXBuildFile; fileRef = 307FD43B1D47888A00701125 /* libMolTransforms.2016.03.3.dylib */; };
		307FD4621D47888B00701125 /* libOptimizer.2016.03.3.dylib in Frameworks */ = {isa = PBXBuildFile; fileRef = 307FD43C1D47888B00701125 /* libOptimizer.2016.03.3.dylib */; };
		307FD4631D47888B00701125 /* libPartialCharges.2016.03.3.dylib in Frameworks */ = {isa = PBXBuildFile; fileRef = 307FD43D1D47888B00701125 /* libPartialCharges.2016.03.3.dylib */; };
		307FD4641D47888B00701125 /* libRDBoost.2016.03.3.dylib in Frameworks */ = {isa = PBXBuildFile; fileRef = 307FD43E1D47888B00701125 /* libRDBoost.2016.03.3.dylib */; };
		307FD4651D47888B00701125 /* libRDGeneral.2016.03.3.dylib in Frameworks */ = {isa = PBXBuildFile; fileRef = 307FD43F1D47888B00701125 /* libRDGeneral.2016.03.3.dylib */; };
		307FD4661D47888B00701125 /* libRDGeometryLib.2016.03.3.dylib in Frameworks */ = {isa = PBXBuildFile; fileRef = 307FD4401D47888B00701125 /* libRDGeometryLib.2016.03.3.dylib */; };
		307FD4671D47888B00701125 /* libReducedGraphs.2016.03.3.dylib in Frameworks */ = {isa = PBXBuildFile; fileRef = 307FD4411D47888B00701125 /* libReducedGraphs.2016.03.3.dylib */; };
		307FD4681D47888B00701125 /* libShapeHelpers.2016.03.3.dylib in Frameworks */ = {isa = PBXBuildFile; fileRef = 307FD4421D47888B00701125 /* libShapeHelpers.2016.03.3.dylib */; };
		307FD4691D47888B00701125 /* libSimDivPickers.2016.03.3.dylib in Frameworks */ = {isa = PBXBuildFile; fileRef = 307FD4431D47888B00701125 /* libSimDivPickers.2016.03.3.dylib */; };
		307FD46A1D47888B00701125 /* libSmilesParse.2016.03.3.dylib in Frameworks */ = {isa = PBXBuildFile; fileRef = 307FD4441D47888B00701125 /* libSmilesParse.2016.03.3.dylib */; };
		307FD46B1D47888B00701125 /* libSubgraphs.2016.03.3.dylib in Frameworks */ = {isa = PBXBuildFile; fileRef = 307FD4451D47888B00701125 /* libSubgraphs.2016.03.3.dylib */; };
		307FD46C1D47888B00701125 /* libSubstructMatch.2016.03.3.dylib in Frameworks */ = {isa = PBXBuildFile; fileRef = 307FD4461D47888B00701125 /* libSubstructMatch.2016.03.3.dylib */; };
/* End PBXBuildFile section */

/* Begin PBXCopyFilesBuildPhase section */
		307FD40F1D4786D100701125 /* CopyFiles */ = {
			isa = PBXCopyFilesBuildPhase;
			buildActionMask = 2147483647;
			dstPath = /usr/share/man/man1/;
			dstSubfolderSpec = 0;
			files = (
			);
			runOnlyForDeploymentPostprocessing = 1;
		};
/* End PBXCopyFilesBuildPhase section */

/* Begin PBXFileReference section */
		307FD4111D4786D100701125 /* prufercoder */ = {isa = PBXFileReference; explicitFileType = "compiled.mach-o.executable"; includeInIndex = 0; path = prufercoder; sourceTree = BUILT_PRODUCTS_DIR; };
		307FD4141D4786D100701125 /* main.cpp */ = {isa = PBXFileReference; lastKnownFileType = sourcecode.cpp.cpp; path = main.cpp; sourceTree = "<group>"; };
		307FD41D1D47876600701125 /* libGraphMol.2016.03.3.dylib */ = {isa = PBXFileReference; lastKnownFileType = "compiled.mach-o.dylib"; name = libGraphMol.2016.03.3.dylib; path = ../../../../../usr/local/Cellar/rdkit/2016.03.3/lib/libGraphMol.2016.03.3.dylib; sourceTree = "<group>"; };
		307FD4211D47888A00701125 /* libAlignment.2016.03.3.dylib */ = {isa = PBXFileReference; lastKnownFileType = "compiled.mach-o.dylib"; name = libAlignment.2016.03.3.dylib; path = ../../../../../usr/local/Cellar/rdkit/2016.03.3/lib/libAlignment.2016.03.3.dylib; sourceTree = "<group>"; };
		307FD4221D47888A00701125 /* libCatalogs.2016.03.3.dylib */ = {isa = PBXFileReference; lastKnownFileType = "compiled.mach-o.dylib"; name = libCatalogs.2016.03.3.dylib; path = ../../../../../usr/local/Cellar/rdkit/2016.03.3/lib/libCatalogs.2016.03.3.dylib; sourceTree = "<group>"; };
		307FD4231D47888A00701125 /* libChemicalFeatures.2016.03.3.dylib */ = {isa = PBXFileReference; lastKnownFileType = "compiled.mach-o.dylib"; name = libChemicalFeatures.2016.03.3.dylib; path = ../../../../../usr/local/Cellar/rdkit/2016.03.3/lib/libChemicalFeatures.2016.03.3.dylib; sourceTree = "<group>"; };
		307FD4241D47888A00701125 /* libChemReactions.2016.03.3.dylib */ = {isa = PBXFileReference; lastKnownFileType = "compiled.mach-o.dylib"; name = libChemReactions.2016.03.3.dylib; path = ../../../../../usr/local/Cellar/rdkit/2016.03.3/lib/libChemReactions.2016.03.3.dylib; sourceTree = "<group>"; };
		307FD4251D47888A00701125 /* libChemTransforms.2016.03.3.dylib */ = {isa = PBXFileReference; lastKnownFileType = "compiled.mach-o.dylib"; name = libChemTransforms.2016.03.3.dylib; path = ../../../../../usr/local/Cellar/rdkit/2016.03.3/lib/libChemTransforms.2016.03.3.dylib; sourceTree = "<group>"; };
		307FD4261D47888A00701125 /* libDataStructs.2016.03.3.dylib */ = {isa = PBXFileReference; lastKnownFileType = "compiled.mach-o.dylib"; name = libDataStructs.2016.03.3.dylib; path = ../../../../../usr/local/Cellar/rdkit/2016.03.3/lib/libDataStructs.2016.03.3.dylib; sourceTree = "<group>"; };
		307FD4271D47888A00701125 /* libDepictor.2016.03.3.dylib */ = {isa = PBXFileReference; lastKnownFileType = "compiled.mach-o.dylib"; name = libDepictor.2016.03.3.dylib; path = ../../../../../usr/local/Cellar/rdkit/2016.03.3/lib/libDepictor.2016.03.3.dylib; sourceTree = "<group>"; };
		307FD4281D47888A00701125 /* libDescriptors.2016.03.3.dylib */ = {isa = PBXFileReference; lastKnownFileType = "compiled.mach-o.dylib"; name = libDescriptors.2016.03.3.dylib; path = ../../../../../usr/local/Cellar/rdkit/2016.03.3/lib/libDescriptors.2016.03.3.dylib; sourceTree = "<group>"; };
		307FD4291D47888A00701125 /* libDistGeometry.2016.03.3.dylib */ = {isa = PBXFileReference; lastKnownFileType = "compiled.mach-o.dylib"; name = libDistGeometry.2016.03.3.dylib; path = ../../../../../usr/local/Cellar/rdkit/2016.03.3/lib/libDistGeometry.2016.03.3.dylib; sourceTree = "<group>"; };
		307FD42A1D47888A00701125 /* libDistGeomHelpers.2016.03.3.dylib */ = {isa = PBXFileReference; lastKnownFileType = "compiled.mach-o.dylib"; name = libDistGeomHelpers.2016.03.3.dylib; path = ../../../../../usr/local/Cellar/rdkit/2016.03.3/lib/libDistGeomHelpers.2016.03.3.dylib; sourceTree = "<group>"; };
		307FD42B1D47888A00701125 /* libEigenSolvers.2016.03.3.dylib */ = {isa = PBXFileReference; lastKnownFileType = "compiled.mach-o.dylib"; name = libEigenSolvers.2016.03.3.dylib; path = ../../../../../usr/local/Cellar/rdkit/2016.03.3/lib/libEigenSolvers.2016.03.3.dylib; sourceTree = "<group>"; };
		307FD42C1D47888A00701125 /* libFileParsers.2016.03.3.dylib */ = {isa = PBXFileReference; lastKnownFileType = "compiled.mach-o.dylib"; name = libFileParsers.2016.03.3.dylib; path = ../../../../../usr/local/Cellar/rdkit/2016.03.3/lib/libFileParsers.2016.03.3.dylib; sourceTree = "<group>"; };
		307FD42D1D47888A00701125 /* libFilterCatalog.2016.03.3.dylib */ = {isa = PBXFileReference; lastKnownFileType = "compiled.mach-o.dylib"; name = libFilterCatalog.2016.03.3.dylib; path = ../../../../../usr/local/Cellar/rdkit/2016.03.3/lib/libFilterCatalog.2016.03.3.dylib; sourceTree = "<group>"; };
		307FD42E1D47888A00701125 /* libFingerprints.2016.03.3.dylib */ = {isa = PBXFileReference; lastKnownFileType = "compiled.mach-o.dylib"; name = libFingerprints.2016.03.3.dylib; path = ../../../../../usr/local/Cellar/rdkit/2016.03.3/lib/libFingerprints.2016.03.3.dylib; sourceTree = "<group>"; };
		307FD42F1D47888A00701125 /* libFMCS.2016.03.3.dylib */ = {isa = PBXFileReference; lastKnownFileType = "compiled.mach-o.dylib"; name = libFMCS.2016.03.3.dylib; path = ../../../../../usr/local/Cellar/rdkit/2016.03.3/lib/libFMCS.2016.03.3.dylib; sourceTree = "<group>"; };
		307FD4301D47888A00701125 /* libForceField.2016.03.3.dylib */ = {isa = PBXFileReference; lastKnownFileType = "compiled.mach-o.dylib"; name = libForceField.2016.03.3.dylib; path = ../../../../../usr/local/Cellar/rdkit/2016.03.3/lib/libForceField.2016.03.3.dylib; sourceTree = "<group>"; };
		307FD4311D47888A00701125 /* libForceFieldHelpers.2016.03.3.dylib */ = {isa = PBXFileReference; lastKnownFileType = "compiled.mach-o.dylib"; name = libForceFieldHelpers.2016.03.3.dylib; path = ../../../../../usr/local/Cellar/rdkit/2016.03.3/lib/libForceFieldHelpers.2016.03.3.dylib; sourceTree = "<group>"; };
		307FD4321D47888A00701125 /* libFragCatalog.2016.03.3.dylib */ = {isa = PBXFileReference; lastKnownFileType = "compiled.mach-o.dylib"; name = libFragCatalog.2016.03.3.dylib; path = ../../../../../usr/local/Cellar/rdkit/2016.03.3/lib/libFragCatalog.2016.03.3.dylib; sourceTree = "<group>"; };
		307FD4331D47888A00701125 /* libhc.2016.03.3.dylib */ = {isa = PBXFileReference; lastKnownFileType = "compiled.mach-o.dylib"; name = libhc.2016.03.3.dylib; path = ../../../../../usr/local/Cellar/rdkit/2016.03.3/lib/libhc.2016.03.3.dylib; sourceTree = "<group>"; };
		307FD4341D47888A00701125 /* libInfoTheory.2016.03.3.dylib */ = {isa = PBXFileReference; lastKnownFileType = "compiled.mach-o.dylib"; name = libInfoTheory.2016.03.3.dylib; path = ../../../../../usr/local/Cellar/rdkit/2016.03.3/lib/libInfoTheory.2016.03.3.dylib; sourceTree = "<group>"; };
		307FD4351D47888A00701125 /* libMMPA.2016.03.3.dylib */ = {isa = PBXFileReference; lastKnownFileType = "compiled.mach-o.dylib"; name = libMMPA.2016.03.3.dylib; path = ../../../../../usr/local/Cellar/rdkit/2016.03.3/lib/libMMPA.2016.03.3.dylib; sourceTree = "<group>"; };
		307FD4361D47888A00701125 /* libMolAlign.2016.03.3.dylib */ = {isa = PBXFileReference; lastKnownFileType = "compiled.mach-o.dylib"; name = libMolAlign.2016.03.3.dylib; path = ../../../../../usr/local/Cellar/rdkit/2016.03.3/lib/libMolAlign.2016.03.3.dylib; sourceTree = "<group>"; };
		307FD4371D47888A00701125 /* libMolCatalog.2016.03.3.dylib */ = {isa = PBXFileReference; lastKnownFileType = "compiled.mach-o.dylib"; name = libMolCatalog.2016.03.3.dylib; path = ../../../../../usr/local/Cellar/rdkit/2016.03.3/lib/libMolCatalog.2016.03.3.dylib; sourceTree = "<group>"; };
		307FD4381D47888A00701125 /* libMolChemicalFeatures.2016.03.3.dylib */ = {isa = PBXFileReference; lastKnownFileType = "compiled.mach-o.dylib"; name = libMolChemicalFeatures.2016.03.3.dylib; path = ../../../../../usr/local/Cellar/rdkit/2016.03.3/lib/libMolChemicalFeatures.2016.03.3.dylib; sourceTree = "<group>"; };
		307FD4391D47888A00701125 /* libMolDraw2D.2016.03.3.dylib */ = {isa = PBXFileReference; lastKnownFileType = "compiled.mach-o.dylib"; name = libMolDraw2D.2016.03.3.dylib; path = ../../../../../usr/local/Cellar/rdkit/2016.03.3/lib/libMolDraw2D.2016.03.3.dylib; sourceTree = "<group>"; };
		307FD43A1D47888A00701125 /* libMolHash.2016.03.3.dylib */ = {isa = PBXFileReference; lastKnownFileType = "compiled.mach-o.dylib"; name = libMolHash.2016.03.3.dylib; path = ../../../../../usr/local/Cellar/rdkit/2016.03.3/lib/libMolHash.2016.03.3.dylib; sourceTree = "<group>"; };
		307FD43B1D47888A00701125 /* libMolTransforms.2016.03.3.dylib */ = {isa = PBXFileReference; lastKnownFileType = "compiled.mach-o.dylib"; name = libMolTransforms.2016.03.3.dylib; path = ../../../../../usr/local/Cellar/rdkit/2016.03.3/lib/libMolTransforms.2016.03.3.dylib; sourceTree = "<group>"; };
		307FD43C1D47888B00701125 /* libOptimizer.2016.03.3.dylib */ = {isa = PBXFileReference; lastKnownFileType = "compiled.mach-o.dylib"; name = libOptimizer.2016.03.3.dylib; path = ../../../../../usr/local/Cellar/rdkit/2016.03.3/lib/libOptimizer.2016.03.3.dylib; sourceTree = "<group>"; };
		307FD43D1D47888B00701125 /* libPartialCharges.2016.03.3.dylib */ = {isa = PBXFileReference; lastKnownFileType = "compiled.mach-o.dylib"; name = libPartialCharges.2016.03.3.dylib; path = ../../../../../usr/local/Cellar/rdkit/2016.03.3/lib/libPartialCharges.2016.03.3.dylib; sourceTree = "<group>"; };
		307FD43E1D47888B00701125 /* libRDBoost.2016.03.3.dylib */ = {isa = PBXFileReference; lastKnownFileType = "compiled.mach-o.dylib"; name = libRDBoost.2016.03.3.dylib; path = ../../../../../usr/local/Cellar/rdkit/2016.03.3/lib/libRDBoost.2016.03.3.dylib; sourceTree = "<group>"; };
		307FD43F1D47888B00701125 /* libRDGeneral.2016.03.3.dylib */ = {isa = PBXFileReference; lastKnownFileType = "compiled.mach-o.dylib"; name = libRDGeneral.2016.03.3.dylib; path = ../../../../../usr/local/Cellar/rdkit/2016.03.3/lib/libRDGeneral.2016.03.3.dylib; sourceTree = "<group>"; };
		307FD4401D47888B00701125 /* libRDGeometryLib.2016.03.3.dylib */ = {isa = PBXFileReference; lastKnownFileType = "compiled.mach-o.dylib"; name = libRDGeometryLib.2016.03.3.dylib; path = ../../../../../usr/local/Cellar/rdkit/2016.03.3/lib/libRDGeometryLib.2016.03.3.dylib; sourceTree = "<group>"; };
		307FD4411D47888B00701125 /* libReducedGraphs.2016.03.3.dylib */ = {isa = PBXFileReference; lastKnownFileType = "compiled.mach-o.dylib"; name = libReducedGraphs.2016.03.3.dylib; path = ../../../../../usr/local/Cellar/rdkit/2016.03.3/lib/libReducedGraphs.2016.03.3.dylib; sourceTree = "<group>"; };
		307FD4421D47888B00701125 /* libShapeHelpers.2016.03.3.dylib */ = {isa = PBXFileReference; lastKnownFileType = "compiled.mach-o.dylib"; name = libShapeHelpers.2016.03.3.dylib; path = ../../../../../usr/local/Cellar/rdkit/2016.03.3/lib/libShapeHelpers.2016.03.3.dylib; sourceTree = "<group>"; };
		307FD4431D47888B00701125 /* libSimDivPickers.2016.03.3.dylib */ = {isa = PBXFileReference; lastKnownFileType = "compiled.mach-o.dylib"; name = libSimDivPickers.2016.03.3.dylib; path = ../../../../../usr/local/Cellar/rdkit/2016.03.3/lib/libSimDivPickers.2016.03.3.dylib; sourceTree = "<group>"; };
		307FD4441D47888B00701125 /* libSmilesParse.2016.03.3.dylib */ = {isa = PBXFileReference; lastKnownFileType = "compiled.mach-o.dylib"; name = libSmilesParse.2016.03.3.dylib; path = ../../../../../usr/local/Cellar/rdkit/2016.03.3/lib/libSmilesParse.2016.03.3.dylib; sourceTree = "<group>"; };
		307FD4451D47888B00701125 /* libSubgraphs.2016.03.3.dylib */ = {isa = PBXFileReference; lastKnownFileType = "compiled.mach-o.dylib"; name = libSubgraphs.2016.03.3.dylib; path = ../../../../../usr/local/Cellar/rdkit/2016.03.3/lib/libSubgraphs.2016.03.3.dylib; sourceTree = "<group>"; };
		307FD4461D47888B00701125 /* libSubstructMatch.2016.03.3.dylib */ = {isa = PBXFileReference; lastKnownFileType = "compiled.mach-o.dylib"; name = libSubstructMatch.2016.03.3.dylib; path = ../../../../../usr/local/Cellar/rdkit/2016.03.3/lib/libSubstructMatch.2016.03.3.dylib; sourceTree = "<group>"; };
/* End PBXFileReference section */

/* Begin PBXFrameworksBuildPhase section */
		307FD40E1D4786D100701125 /* Frameworks */ = {
			isa = PBXFrameworksBuildPhase;
			buildActionMask = 2147483647;
			files = (
				307FD4471D47888B00701125 /* libAlignment.2016.03.3.dylib in Frameworks */,
				307FD4481D47888B00701125 /* libCatalogs.2016.03.3.dylib in Frameworks */,
				307FD4491D47888B00701125 /* libChemicalFeatures.2016.03.3.dylib in Frameworks */,
				307FD44A1D47888B00701125 /* libChemReactions.2016.03.3.dylib in Frameworks */,
				307FD44B1D47888B00701125 /* libChemTransforms.2016.03.3.dylib in Frameworks */,
				307FD44C1D47888B00701125 /* libDataStructs.2016.03.3.dylib in Frameworks */,
				307FD44D1D47888B00701125 /* libDepictor.2016.03.3.dylib in Frameworks */,
				307FD44E1D47888B00701125 /* libDescriptors.2016.03.3.dylib in Frameworks */,
				307FD44F1D47888B00701125 /* libDistGeometry.2016.03.3.dylib in Frameworks */,
				307FD4501D47888B00701125 /* libDistGeomHelpers.2016.03.3.dylib in Frameworks */,
				307FD4511D47888B00701125 /* libEigenSolvers.2016.03.3.dylib in Frameworks */,
				307FD4521D47888B00701125 /* libFileParsers.2016.03.3.dylib in Frameworks */,
				307FD4531D47888B00701125 /* libFilterCatalog.2016.03.3.dylib in Frameworks */,
				307FD4541D47888B00701125 /* libFingerprints.2016.03.3.dylib in Frameworks */,
				307FD4551D47888B00701125 /* libFMCS.2016.03.3.dylib in Frameworks */,
				307FD4561D47888B00701125 /* libForceField.2016.03.3.dylib in Frameworks */,
				307FD4571D47888B00701125 /* libForceFieldHelpers.2016.03.3.dylib in Frameworks */,
				307FD4581D47888B00701125 /* libFragCatalog.2016.03.3.dylib in Frameworks */,
				307FD4591D47888B00701125 /* libhc.2016.03.3.dylib in Frameworks */,
				307FD45A1D47888B00701125 /* libInfoTheory.2016.03.3.dylib in Frameworks */,
				307FD45B1D47888B00701125 /* libMMPA.2016.03.3.dylib in Frameworks */,
				307FD45C1D47888B00701125 /* libMolAlign.2016.03.3.dylib in Frameworks */,
				307FD45D1D47888B00701125 /* libMolCatalog.2016.03.3.dylib in Frameworks */,
				307FD45E1D47888B00701125 /* libMolChemicalFeatures.2016.03.3.dylib in Frameworks */,
				307FD45F1D47888B00701125 /* libMolDraw2D.2016.03.3.dylib in Frameworks */,
				307FD4601D47888B00701125 /* libMolHash.2016.03.3.dylib in Frameworks */,
				307FD4611D47888B00701125 /* libMolTransforms.2016.03.3.dylib in Frameworks */,
				307FD4621D47888B00701125 /* libOptimizer.2016.03.3.dylib in Frameworks */,
				307FD4631D47888B00701125 /* libPartialCharges.2016.03.3.dylib in Frameworks */,
				307FD4641D47888B00701125 /* libRDBoost.2016.03.3.dylib in Frameworks */,
				307FD4651D47888B00701125 /* libRDGeneral.2016.03.3.dylib in Frameworks */,
				307FD4661D47888B00701125 /* libRDGeometryLib.2016.03.3.dylib in Frameworks */,
				307FD4671D47888B00701125 /* libReducedGraphs.2016.03.3.dylib in Frameworks */,
				307FD4681D47888B00701125 /* libShapeHelpers.2016.03.3.dylib in Frameworks */,
				307FD4691D47888B00701125 /* libSimDivPickers.2016.03.3.dylib in Frameworks */,
				307FD46A1D47888B00701125 /* libSmilesParse.2016.03.3.dylib in Frameworks */,
				307FD46B1D47888B00701125 /* libSubgraphs.2016.03.3.dylib in Frameworks */,
				307FD46C1D47888B00701125 /* libSubstructMatch.2016.03.3.dylib in Frameworks */,
				307FD41E1D47876600701125 /* libGraphMol.2016.03.3.dylib in Frameworks */,
			);
			runOnlyForDeploymentPostprocessing = 0;
		};
/* End PBXFrameworksBuildPhase section */

/* Begin PBXGroup section */
		307FD4081D4786D100701125 = {
			isa = PBXGroup;
			children = (
				307FD4211D47888A00701125 /* libAlignment.2016.03.3.dylib */,
				307FD4221D47888A00701125 /* libCatalogs.2016.03.3.dylib */,
				307FD4231D47888A00701125 /* libChemicalFeatures.2016.03.3.dylib */,
				307FD4241D47888A00701125 /* libChemReactions.2016.03.3.dylib */,
				307FD4251D47888A00701125 /* libChemTransforms.2016.03.3.dylib */,
				307FD4261D47888A00701125 /* libDataStructs.2016.03.3.dylib */,
				307FD4271D47888A00701125 /* libDepictor.2016.03.3.dylib */,
				307FD4281D47888A00701125 /* libDescriptors.2016.03.3.dylib */,
				307FD4291D47888A00701125 /* libDistGeometry.2016.03.3.dylib */,
				307FD42A1D47888A00701125 /* libDistGeomHelpers.2016.03.3.dylib */,
				307FD42B1D47888A00701125 /* libEigenSolvers.2016.03.3.dylib */,
				307FD42C1D47888A00701125 /* libFileParsers.2016.03.3.dylib */,
				307FD42D1D47888A00701125 /* libFilterCatalog.2016.03.3.dylib */,
				307FD42E1D47888A00701125 /* libFingerprints.2016.03.3.dylib */,
				307FD42F1D47888A00701125 /* libFMCS.2016.03.3.dylib */,
				307FD4301D47888A00701125 /* libForceField.2016.03.3.dylib */,
				307FD4311D47888A00701125 /* libForceFieldHelpers.2016.03.3.dylib */,
				307FD4321D47888A00701125 /* libFragCatalog.2016.03.3.dylib */,
				307FD4331D47888A00701125 /* libhc.2016.03.3.dylib */,
				307FD4341D47888A00701125 /* libInfoTheory.2016.03.3.dylib */,
				307FD4351D47888A00701125 /* libMMPA.2016.03.3.dylib */,
				307FD4361D47888A00701125 /* libMolAlign.2016.03.3.dylib */,
				307FD4371D47888A00701125 /* libMolCatalog.2016.03.3.dylib */,
				307FD4381D47888A00701125 /* libMolChemicalFeatures.2016.03.3.dylib */,
				307FD4391D47888A00701125 /* libMolDraw2D.2016.03.3.dylib */,
				307FD43A1D47888A00701125 /* libMolHash.2016.03.3.dylib */,
				307FD43B1D47888A00701125 /* libMolTransforms.2016.03.3.dylib */,
				307FD43C1D47888B00701125 /* libOptimizer.2016.03.3.dylib */,
				307FD43D1D47888B00701125 /* libPartialCharges.2016.03.3.dylib */,
				307FD43E1D47888B00701125 /* libRDBoost.2016.03.3.dylib */,
				307FD43F1D47888B00701125 /* libRDGeneral.2016.03.3.dylib */,
				307FD4401D47888B00701125 /* libRDGeometryLib.2016.03.3.dylib */,
				307FD4411D47888B00701125 /* libReducedGraphs.2016.03.3.dylib */,
				307FD4421D47888B00701125 /* libShapeHelpers.2016.03.3.dylib */,
				307FD4431D47888B00701125 /* libSimDivPickers.2016.03.3.dylib */,
				307FD4441D47888B00701125 /* libSmilesParse.2016.03.3.dylib */,
				307FD4451D47888B00701125 /* libSubgraphs.2016.03.3.dylib */,
				307FD4461D47888B00701125 /* libSubstructMatch.2016.03.3.dylib */,
				307FD41D1D47876600701125 /* libGraphMol.2016.03.3.dylib */,
				307FD4131D4786D100701125 /* prufercoder */,
				307FD4121D4786D100701125 /* Products */,
			);
			sourceTree = "<group>";
		};
		307FD4121D4786D100701125 /* Products */ = {
			isa = PBXGroup;
			children = (
				307FD4111D4786D100701125 /* prufercoder */,
			);
			name = Products;
			sourceTree = "<group>";
		};
		307FD4131D4786D100701125 /* prufercoder */ = {
			isa = PBXGroup;
			children = (
				307FD4141D4786D100701125 /* main.cpp */,
			);
			path = prufercoder;
			sourceTree = "<group>";
		};
/* End PBXGroup section */

/* Begin PBXNativeTarget section */
		307FD4101D4786D100701125 /* prufercoder */ = {
			isa = PBXNativeTarget;
			buildConfigurationList = 307FD4181D4786D100701125 /* Build configuration list for PBXNativeTarget "prufercoder" */;
			buildPhases = (
				307FD40D1D4786D100701125 /* Sources */,
				307FD40E1D4786D100701125 /* Frameworks */,
				307FD40F1D4786D100701125 /* CopyFiles */,
			);
			buildRules = (
			);
			dependencies = (
			);
			name = prufercoder;
			productName = prufercoder;
			productReference = 307FD4111D4786D100701125 /* prufercoder */;
			productType = "com.apple.product-type.tool";
		};
/* End PBXNativeTarget section */

/* Begin PBXProject section */
		307FD4091D4786D100701125 /* Project object */ = {
			isa = PBXProject;
			attributes = {
				LastUpgradeCheck = 0730;
				ORGANIZATIONNAME = "Юрий Кравченко";
				TargetAttributes = {
					307FD4101D4786D100701125 = {
						CreatedOnToolsVersion = 7.3;
					};
				};
			};
			buildConfigurationList = 307FD40C1D4786D100701125 /* Build configuration list for PBXProject "prufercoder" */;
			compatibilityVersion = "Xcode 3.2";
			developmentRegion = English;
			hasScannedForEncodings = 0;
			knownRegions = (
				en,
			);
			mainGroup = 307FD4081D4786D100701125;
			productRefGroup = 307FD4121D4786D100701125 /* Products */;
			projectDirPath = "";
			projectRoot = "";
			targets = (
				307FD4101D4786D100701125 /* prufercoder */,
			);
		};
/* End PBXProject section */

/* Begin PBXSourcesBuildPhase section */
		307FD40D1D4786D100701125 /* Sources */ = {
			isa = PBXSourcesBuildPhase;
			buildActionMask = 2147483647;
			files = (
				307FD4151D4786D100701125 /* main.cpp in Sources */,
			);
			runOnlyForDeploymentPostprocessing = 0;
		};
/* End PBXSourcesBuildPhase section */

/* Begin XCBuildConfiguration section */
		307FD4161D4786D100701125 /* Debug */ = {
			isa = XCBuildConfiguration;
			buildSettings = {
				ALWAYS_SEARCH_USER_PATHS = NO;
				CLANG_ANALYZER_NONNULL = YES;
				CLANG_CXX_LANGUAGE_STANDARD = "gnu++0x";
				CLANG_CXX_LIBRARY = "libc++";
				CLANG_ENABLE_MODULES = YES;
				CLANG_ENABLE_OBJC_ARC = YES;
				CLANG_WARN_BOOL_CONVERSION = YES;
				CLANG_WARN_CONSTANT_CONVERSION = YES;
				CLANG_WARN_DIRECT_OBJC_ISA_USAGE = YES_ERROR;
				CLANG_WARN_EMPTY_BODY = YES;
				CLANG_WARN_ENUM_CONVERSION = YES;
				CLANG_WARN_INT_CONVERSION = YES;
				CLANG_WARN_OBJC_ROOT_CLASS = YES_ERROR;
				CLANG_WARN_UNREACHABLE_CODE = YES;
				CLANG_WARN__DUPLICATE_METHOD_MATCH = YES;
				CODE_SIGN_IDENTITY = "-";
				COPY_PHASE_STRIP = NO;
				DEBUG_INFORMATION_FORMAT = dwarf;
				ENABLE_STRICT_OBJC_MSGSEND = YES;
				ENABLE_TESTABILITY = YES;
				GCC_C_LANGUAGE_STANDARD = gnu99;
				GCC_DYNAMIC_NO_PIC = NO;
				GCC_NO_COMMON_BLOCKS = YES;
				GCC_OPTIMIZATION_LEVEL = 0;
				GCC_PREPROCESSOR_DEFINITIONS = (
					"DEBUG=1",
					"$(inherited)",
				);
				GCC_WARN_64_TO_32_BIT_CONVERSION = YES;
				GCC_WARN_ABOUT_RETURN_TYPE = YES_ERROR;
				GCC_WARN_UNDECLARED_SELECTOR = YES;
				GCC_WARN_UNINITIALIZED_AUTOS = YES_AGGRESSIVE;
				GCC_WARN_UNUSED_FUNCTION = YES;
				GCC_WARN_UNUSED_VARIABLE = YES;
				MACOSX_DEPLOYMENT_TARGET = 10.11;
				MTL_ENABLE_DEBUG_INFO = YES;
				ONLY_ACTIVE_ARCH = YES;
				SDKROOT = macosx;
			};
			name = Debug;
		};
		307FD4171D4786D100701125 /* Release */ = {
			isa = XCBuildConfiguration;
			buildSettings = {
				ALWAYS_SEARCH_USER_PATHS = NO;
				CLANG_ANALYZER_NONNULL = YES;
				CLANG_CXX_LANGUAGE_STANDARD = "gnu++0x";
				CLANG_CXX_LIBRARY = "libc++";
				CLANG_ENABLE_MODULES = YES;
				CLANG_ENABLE_OBJC_ARC = YES;
				CLANG_WARN_BOOL_CONVERSION = YES;
				CLANG_WARN_CONSTANT_CONVERSION = YES;
				CLANG_WARN_DIRECT_OBJC_ISA_USAGE = YES_ERROR;
				CLANG_WARN_EMPTY_BODY = YES;
				CLANG_WARN_ENUM_CONVERSION = YES;
				CLANG_WARN_INT_CONVERSION = YES;
				CLANG_WARN_OBJC_ROOT_CLASS = YES_ERROR;
				CLANG_WARN_UNREACHABLE_CODE = YES;
				CLANG_WARN__DUPLICATE_METHOD_MATCH = YES;
				CODE_SIGN_IDENTITY = "-";
				COPY_PHASE_STRIP = NO;
				DEBUG_INFORMATION_FORMAT = "dwarf-with-dsym";
				ENABLE_NS_ASSERTIONS = NO;
				ENABLE_STRICT_OBJC_MSGSEND = YES;
				GCC_C_LANGUAGE_STANDARD = gnu99;
				GCC_NO_COMMON_BLOCKS = YES;
				GCC_WARN_64_TO_32_BIT_CONVERSION = YES;
				GCC_WARN_ABOUT_RETURN_TYPE = YES_ERROR;
				GCC_WARN_UNDECLARED_SELECTOR = YES;
				GCC_WARN_UNINITIALIZED_AUTOS = YES_AGGRESSIVE;
				GCC_WARN_UNUSED_FUNCTION = YES;
				GCC_WARN_UNUSED_VARIABLE = YES;
				MACOSX_DEPLOYMENT_TARGET = 10.11;
				MTL_ENABLE_DEBUG_INFO = NO;
				SDKROOT = macosx;
			};
			name = Release;
		};
		307FD4191D4786D100701125 /* Debug */ = {
			isa = XCBuildConfiguration;
			buildSettings = {
				HEADER_SEARCH_PATHS = (
					/usr/local/Cellar/rdkit/2016.03.3/include/rdkit,
					/usr/local/Cellar/boost/1.60.0_2/include,
				);
				LIBRARY_SEARCH_PATHS = (
					/usr/local/Cellar/rdkit/2016.03.3/lib,
					/usr/local/Cellar/boost/1.60.0_2/lib,
				);
				PRODUCT_NAME = "$(TARGET_NAME)";
			};
			name = Debug;
		};
		307FD41A1D4786D100701125 /* Release */ = {
			isa = XCBuildConfiguration;
			buildSettings = {
				HEADER_SEARCH_PATHS = (
					/usr/local/Cellar/rdkit/2016.03.3/include/rdkit,
					/usr/local/Cellar/boost/1.60.0_2/include,
				);
				LIBRARY_SEARCH_PATHS = (
					/usr/local/Cellar/rdkit/2016.03.3/lib,
					/usr/local/Cellar/boost/1.60.0_2/lib,
				);
				PRODUCT_NAME = "$(TARGET_NAME)";
			};
			name = Release;
		};
/* End XCBuildConfiguration section */

/* Begin XCConfigurationList section */
		307FD40C1D4786D100701125 /* Build configuration list for PBXProject "prufercoder" */ = {
			isa = XCConfigurationList;
			buildConfigurations = (
				307FD4161D4786D100701125 /* Debug */,
				307FD4171D4786D100701125 /* Release */,
			);
			defaultConfigurationIsVisible = 0;
			defaultConfigurationName = Release;
		};
		307FD4181D4786D100701125 /* Build configuration list for PBXNativeTarget "prufercoder" */ = {
			isa = XCConfigurationList;
			buildConfigurations = (
				307FD4191D4786D100701125 /* Debug */,
				307FD41A1D4786D100701125 /* Release */,
			);
			defaultConfigurationIsVisible = 0;
		};
/* End XCConfigurationList section */
	};
	rootObject = 307FD4091D4786D100701125 /* Project object */;
}
